
Microsoft Visual Studio Solution File, Format Version 12.00
# Visual Studio 15
VisualStudioVersion = 15.0.27130.2010
MinimumVisualStudioVersion = 10.0.40219.1
Project("{FAE04EC0-301F-11D3-BF4B-00C04F79EFBC}") = "DDInc", "DDInc\DDInc.csproj", "{98278FEE-048F-4E64-B822-8988740B0353}"
EndProject
Global
	GlobalSection(SolutionConfigurationPlatforms) = preSolution
		Debug|Any CPU = Debug|Any CPU
		Release|Any CPU = Release|Any CPU
	EndGlobalSection
	GlobalSection(ProjectConfigurationPlatforms) = postSolution
		{98278FEE-048F-4E64-B822-8988740B0353}.Debug|Any CPU.ActiveCfg = Debug|Any CPU
		{98278FEE-048F-4E64-B822-8988740B0353}.Debug|Any CPU.Build.0 = Debug|Any CPU
		{98278FEE-048F-4E64-B822-8988740B0353}.Release|Any CPU.ActiveCfg = Release|Any CPU
		{98278FEE-048F-4E64-B822-8988740B0353}.Release|Any CPU.Build.0 = Release|Any CPU
	EndGlobalSection
	GlobalSection(SolutionProperties) = preSolution
		HideSolutionNode = FALSE
	EndGlobalSection
	GlobalSection(ExtensibilityGlobals) = postSolution
		SolutionGuid = {80C3996D-8F08-44BF-AB1B-2108E8E6F984}
	EndGlobalSection
EndGlobal
